github.com/adityatelange/hugo-PaperMod v0.0.0-20230218071112-e6b697f36512 h1:G1oNdjwZCYC0D0C5PddChC4mKBjfCyDvj4i+/rrO3MY=
github.com/adityatelange/hugo-PaperMod v0.0.0-20230218071112-e6b697f36512/go.mod h1:HCHxNMKYdGafUYjVV3ICiAqznZK2yH0iI53jqcDFDdQ=
github.com/adityatelange/hugo-PaperMod v0.0.0-20230304174218-d67462d0f3f2 h1:M+LrKSWoEu2Q6tcSXU72jJx+hefP2lzC5+vN+X8JzUc=
github.com/adityatelange/hugo-PaperMod v0.0.0-20230304174218-d67462d0f3f2/go.mod h1:HCHxNMKYdGafUYjVV3ICiAqznZK2yH0iI53jqcDFDdQ=
